// !$*UTF8*$!
{
	archiveVersion = 1;
	classes = {
	};
	objectVersion = 46;
	objects = {

/* Begin PBXBuildFile section */
		82B0644F19E042C5008DE70A /* AppDelegate.swift in Sources */ = {isa = PBXBuildFile; fileRef = 82B0644E19E042C5008DE70A /* AppDelegate.swift */; };
		82B0645119E042C5008DE70A /* ViewController.swift in Sources */ = {isa = PBXBuildFile; fileRef = 82B0645019E042C5008DE70A /* ViewController.swift */; };
		82B0645419E042C5008DE70A /* Main.storyboard in Resources */ = {isa = PBXBuildFile; fileRef = 82B0645219E042C5008DE70A /* Main.storyboard */; };
		82B0645619E042C5008DE70A /* Images.xcassets in Resources */ = {isa = PBXBuildFile; fileRef = 82B0645519E042C5008DE70A /* Images.xcassets */; };
		82B0645919E042C5008DE70A /* LaunchScreen.xib in Resources */ = {isa = PBXBuildFile; fileRef = 82B0645719E042C5008DE70A /* LaunchScreen.xib */; };
		82B0646519E042C5008DE70A /* iOS8SwiftMApKitTutorialTests.swift in Sources */ = {isa = PBXBuildFile; fileRef = 82B0646419E042C5008DE70A /* iOS8SwiftMApKitTutorialTests.swift */; };
/* End PBXBuildFile section */

/* Begin PBXContainerItemProxy section */
		82B0645F19E042C5008DE70A /* PBXContainerItemProxy */ = {
			isa = PBXContainerItemProxy;
			containerPortal = 82B0644119E042C5008DE70A /* Project object */;
			proxyType = 1;
			remoteGlobalIDString = 82B0644819E042C5008DE70A;
			remoteInfo = iOS8SwiftMApKitTutorial;
		};
/* End PBXContainerItemProxy section */

/* Begin PBXFileReference section */
		82B0644919E042C5008DE70A /* iOS8SwiftMApKitTutorial.app */ = {isa = PBXFileReference; explicitFileType = wrapper.application; includeInIndex = 0; path = iOS8SwiftMApKitTutorial.app; sourceTree = BUILT_PRODUCTS_DIR; };
		82B0644D19E042C5008DE70A /* Info.plist */ = {isa = PBXFileReference; lastKnownFileType = text.plist.xml; path = Info.plist; sourceTree = "<group>"; };
		82B0644E19E042C5008DE70A /* AppDelegate.swift */ = {isa = PBXFileReference; lastKnownFileType = sourcecode.swift; path = AppDelegate.swift; sourceTree = "<group>"; };
		82B0645019E042C5008DE70A /* ViewController.swift */ = {isa = PBXFileReference; lastKnownFileType = sourcecode.swift; path = ViewController.swift; sourceTree = "<group>"; };
		82B0645319E042C5008DE70A /* Base */ = {isa = PBXFileReference; lastKnownFileType = file.storyboard; name = Base; path = Base.lproj/Main.storyboard; sourceTree = "<group>"; };
		82B0645519E042C5008DE70A /* Images.xcassets */ = {isa = PBXFileReference; lastKnownFileType = folder.assetcatalog; path = Images.xcassets; sourceTree = "<group>"; };
		82B0645819E042C5008DE70A /* Base */ = {isa = PBXFileReference; lastKnownFileType = file.xib; name = Base; path = Base.lproj/LaunchScreen.xib; sourceTree = "<group>"; };
		82B0645E19E042C5008DE70A /* iOS8SwiftMApKitTutorialTests.xctest */ = {isa = PBXFileReference; explicitFileType = wrapper.cfbundle; includeInIndex = 0; path = iOS8SwiftMApKitTutorialTests.xctest; sourceTree = BUILT_PRODUCTS_DIR; };
		82B0646319E042C5008DE70A /* Info.plist */ = {isa = PBXFileReference; lastKnownFileType = text.plist.xml; path = Info.plist; sourceTree = "<group>"; };
		82B0646419E042C5008DE70A /* iOS8SwiftMApKitTutorialTests.swift */ = {isa = PBXFileReference; lastKnownFileType = sourcecode.swift; path = iOS8SwiftMApKitTutorialTests.swift; sourceTree = "<group>"; };
/* End PBXFileReference section */

/* Begin PBXFrameworksBuildPhase section */
		82B0644619E042C5008DE70A /* Frameworks */ = {
			isa = PBXFrameworksBuildPhase;
			buildActionMask = 2147483647;
			files = (
			);
			runOnlyForDeploymentPostprocessing = 0;
		};
		82B0645B19E042C5008DE70A /* Frameworks */ = {
			isa = PBXFrameworksBuildPhase;
			buildActionMask = 2147483647;
			files = (
			);
			runOnlyForDeploymentPostprocessing = 0;
		};
/* End PBXFrameworksBuildPhase section */

/* Begin PBXGroup section */
		82B0644019E042C5008DE70A = {
			isa = PBXGroup;
			children = (
				82B0644B19E042C5008DE70A /* iOS8SwiftMApKitTutorial */,
				82B0646119E042C5008DE70A /* iOS8SwiftMApKitTutorialTests */,
				82B0644A19E042C5008DE70A /* Products */,
			);
			sourceTree = "<group>";
		};
		82B0644A19E042C5008DE70A /* Products */ = {
			isa = PBXGroup;
			children = (
				82B0644919E042C5008DE70A /* iOS8SwiftMApKitTutorial.app */,
				82B0645E19E042C5008DE70A /* iOS8SwiftMApKitTutorialTests.xctest */,
			);
			name = Products;
			sourceTree = "<group>";
		};
		82B0644B19E042C5008DE70A /* iOS8SwiftMApKitTutorial */ = {
			isa = PBXGroup;
			children = (
				82B0644E19E042C5008DE70A /* AppDelegate.swift */,
				82B0645019E042C5008DE70A /* ViewController.swift */,
				82B0645219E042C5008DE70A /* Main.storyboard */,
				82B0645519E042C5008DE70A /* Images.xcassets */,
				82B0645719E042C5008DE70A /* LaunchScreen.xib */,
				82B0644C19E042C5008DE70A /* Supporting Files */,
			);
			path = iOS8SwiftMApKitTutorial;
			sourceTree = "<group>";
		};
		82B0644C19E042C5008DE70A /* Supporting Files */ = {
			isa = PBXGroup;
			children = (
				82B0644D19E042C5008DE70A /* Info.plist */,
			);
			name = "Supporting Files";
			sourceTree = "<group>";
		};
		82B0646119E042C5008DE70A /* iOS8SwiftMApKitTutorialTests */ = {
			isa = PBXGroup;
			children = (
				82B0646419E042C5008DE70A /* iOS8SwiftMApKitTutorialTests.swift */,
				82B0646219E042C5008DE70A /* Supporting Files */,
			);
			path = iOS8SwiftMApKitTutorialTests;
			sourceTree = "<group>";
		};
		82B0646219E042C5008DE70A /* Supporting Files */ = {
			isa = PBXGroup;
			children = (
				82B0646319E042C5008DE70A /* Info.plist */,
			);
			name = "Supporting Files";
			sourceTree = "<group>";
		};
/* End PBXGroup section */

/* Begin PBXNativeTarget section */
		82B0644819E042C5008DE70A /* iOS8SwiftMApKitTutorial */ = {
			isa = PBXNativeTarget;
			buildConfigurationList = 82B0646819E042C5008DE70A /* Build configuration list for PBXNativeTarget "iOS8SwiftMApKitTutorial" */;
			buildPhases = (
				82B0644519E042C5008DE70A /* Sources */,
				82B0644619E042C5008DE70A /* Frameworks */,
				82B0644719E042C5008DE70A /* Resources */,
			);
			buildRules = (
			);
			dependencies = (
			);
			name = iOS8SwiftMApKitTutorial;
			productName = iOS8SwiftMApKitTutorial;
			productReference = 82B0644919E042C5008DE70A /* iOS8SwiftMApKitTutorial.app */;
			productType = "com.apple.product-type.application";
		};
		82B0645D19E042C5008DE70A /* iOS8SwiftMApKitTutorialTests */ = {
			isa = PBXNativeTarget;
			buildConfigurationList = 82B0646B19E042C5008DE70A /* Build configuration list for PBXNativeTarget "iOS8SwiftMApKitTutorialTests" */;
			buildPhases = (
				82B0645A19E042C5008DE70A /* Sources */,
				82B0645B19E042C5008DE70A /* Frameworks */,
				82B0645C19E042C5008DE70A /* Resources */,
			);
			buildRules = (
			);
			dependencies = (
				82B0646019E042C5008DE70A /* PBXTargetDependency */,
			);
			name = iOS8SwiftMApKitTutorialTests;
			productName = iOS8SwiftMApKitTutorialTests;
			productReference = 82B0645E19E042C5008DE70A /* iOS8SwiftMApKitTutorialTests.xctest */;
			productType = "com.apple.product-type.bundle.unit-test";
		};
/* End PBXNativeTarget section */

/* Begin PBXProject section */
		82B0644119E042C5008DE70A /* Project object */ = {
			isa = PBXProject;
			attributes = {
				LastUpgradeCheck = 0600;
				ORGANIZATIONNAME = "___GRCS___";
				TargetAttributes = {
					82B0644819E042C5008DE70A = {
						CreatedOnToolsVersion = 6.0.1;
					};
					82B0645D19E042C5008DE70A = {
						CreatedOnToolsVersion = 6.0.1;
						TestTargetID = 82B0644819E042C5008DE70A;
					};
				};
			};
			buildConfigurationList = 82B0644419E042C5008DE70A /* Build configuration list for PBXProject "iOS8SwiftMApKitTutorial" */;
			compatibilityVersion = "Xcode 3.2";
			developmentRegion = English;
			hasScannedForEncodings = 0;
			knownRegions = (
				en,
				Base,
			);
			mainGroup = 82B0644019E042C5008DE70A;
			productRefGroup = 82B0644A19E042C5008DE70A /* Products */;
			projectDirPath = "";
			projectRoot = "";
			targets = (
				82B0644819E042C5008DE70A /* iOS8SwiftMApKitTutorial */,
				82B0645D19E042C5008DE70A /* iOS8SwiftMApKitTutorialTests */,
			);
		};
/* End PBXProject section */

/* Begin PBXResourcesBuildPhase section */
		82B0644719E042C5008DE70A /* Resources */ = {
			isa = PBXResourcesBuildPhase;
			buildActionMask = 2147483647;
			files = (
				82B0645419E042C5008DE70A /* Main.storyboard in Resources */,
				82B0645919E042C5008DE70A /* LaunchScreen.xib in Resources */,
				82B0645619E042C5008DE70A /* Images.xcassets in Resources */,
			);
			runOnlyForDeploymentPostprocessing = 0;
		};
		82B0645C19E042C5008DE70A /* Resources */ = {
			isa = PBXResourcesBuildPhase;
			buildActionMask = 2147483647;
			files = (
			);
			runOnlyForDeploymentPostprocessing = 0;
		};
/* End PBXResourcesBuildPhase section */

/* Begin PBXSourcesBuildPhase section */
		82B0644519E042C5008DE70A /* Sources */ = {
			isa = PBXSourcesBuildPhase;
			buildActionMask = 2147483647;
			files = (
				82B0645119E042C5008DE70A /* ViewController.swift in Sources */,
				82B0644F19E042C5008DE70A /* AppDelegate.swift in Sources */,
			);
			runOnlyForDeploymentPostprocessing = 0;
		};
		82B0645A19E042C5008DE70A /* Sources */ = {
			isa = PBXSourcesBuildPhase;
			buildActionMask = 2147483647;
			files = (
				82B0646519E042C5008DE70A /* iOS8SwiftMApKitTutorialTests.swift in Sources */,
			);
			runOnlyForDeploymentPostprocessing = 0;
		};
/* End PBXSourcesBuildPhase section */

/* Begin PBXTargetDependency section */
		82B0646019E042C5008DE70A /* PBXTargetDependency */ = {
			isa = PBXTargetDependency;
			target = 82B0644819E042C5008DE70A /* iOS8SwiftMApKitTutorial */;
			targetProxy = 82B0645F19E042C5008DE70A /* PBXContainerItemProxy */;
		};
/* End PBXTargetDependency section */

/* Begin PBXVariantGroup section */
		82B0645219E042C5008DE70A /* Main.storyboard */ = {
			isa = PBXVariantGroup;
			children = (
				82B0645319E042C5008DE70A /* Base */,
			);
			name = Main.storyboard;
			sourceTree = "<group>";
		};
		82B0645719E042C5008DE70A /* LaunchScreen.xib */ = {
			isa = PBXVariantGroup;
			children = (
				82B0645819E042C5008DE70A /* Base */,
			);
			name = LaunchScreen.xib;
			sourceTree = "<group>";
		};
/* End PBXVariantGroup section */

/* Begin XCBuildConfiguration section */
		82B0646619E042C5008DE70A /* Debug */ = {
			isa = XCBuildConfiguration;
			buildSettings = {
				ALWAYS_SEARCH_USER_PATHS = NO;
				CLANG_CXX_LANGUAGE_STANDARD = "gnu++0x";
				CLANG_CXX_LIBRARY = "libc++";
				CLANG_ENABLE_MODULES = YES;
				CLANG_ENABLE_OBJC_ARC = YES;
				CLANG_WARN_BOOL_CONVERSION = YES;
				CLANG_WARN_CONSTANT_CONVERSION = YES;
				CLANG_WARN_DIRECT_OBJC_ISA_USAGE = YES_ERROR;
				CLANG_WARN_EMPTY_BODY = YES;
				CLANG_WARN_ENUM_CONVERSION = YES;
				CLANG_WARN_INT_CONVERSION = YES;
				CLANG_WARN_OBJC_ROOT_CLASS = YES_ERROR;
				CLANG_WARN_UNREACHABLE_CODE = YES;
				CLANG_WARN__DUPLICATE_METHOD_MATCH = YES;
				"CODE_SIGN_IDENTITY[sdk=iphoneos*]" = "iPhone Developer";
				COPY_PHASE_STRIP = NO;
				ENABLE_STRICT_OBJC_MSGSEND = YES;
				GCC_C_LANGUAGE_STANDARD = gnu99;
				GCC_DYNAMIC_NO_PIC = NO;
				GCC_OPTIMIZATION_LEVEL = 0;
				GCC_PREPROCESSOR_DEFINITIONS = (
					"DEBUG=1",
					"$(inherited)",
				);
				GCC_SYMBOLS_PRIVATE_EXTERN = NO;
				GCC_WARN_64_TO_32_BIT_CONVERSION = YES;
				GCC_WARN_ABOUT_RETURN_TYPE = YES_ERROR;
				GCC_WARN_UNDECLARED_SELECTOR = YES;
				GCC_WARN_UNINITIALIZED_AUTOS = YES_AGGRESSIVE;
				GCC_WARN_UNUSED_FUNCTION = YES;
				GCC_WARN_UNUSED_VARIABLE = YES;
				IPHONEOS_DEPLOYMENT_TARGET = 8.0;
				MTL_ENABLE_DEBUG_INFO = YES;
				ONLY_ACTIVE_ARCH = YES;
				SDKROOT = iphoneos;
				SWIFT_OPTIMIZATION_LEVEL = "-Onone";
			};
			name = Debug;
		};
		82B0646719E042C5008DE70A /* Release */ = {
			isa = XCBuildConfiguration;
			buildSettings = {
				ALWAYS_SEARCH_USER_PATHS = NO;
				CLANG_CXX_LANGUAGE_STANDARD = "gnu++0x";
				CLANG_CXX_LIBRARY = "libc++";
				CLANG_ENABLE_MODULES = YES;
				CLANG_ENABLE_OBJC_ARC = YES;
				CLANG_WARN_BOOL_CONVERSION = YES;
				CLANG_WARN_CONSTANT_CONVERSION = YES;
				CLANG_WARN_DIRECT_OBJC_ISA_USAGE = YES_ERROR;
				CLANG_WARN_EMPTY_BODY = YES;
				CLANG_WARN_ENUM_CONVERSION = YES;
				CLANG_WARN_INT_CONVERSION = YES;
				CLANG_WARN_OBJC_ROOT_CLASS = YES_ERROR;
				CLANG_WARN_UNREACHABLE_CODE = YES;
				CLANG_WARN__DUPLICATE_METHOD_MATCH = YES;
				"CODE_SIGN_IDENTITY[sdk=iphoneos*]" = "iPhone Developer";
				COPY_PHASE_STRIP = YES;
				ENABLE_NS_ASSERTIONS = NO;
				ENABLE_STRICT_OBJC_MSGSEND = YES;
				GCC_C_LANGUAGE_STANDARD = gnu99;
				GCC_WARN_64_TO_32_BIT_CONVERSION = YES;
				GCC_WARN_ABOUT_RETURN_TYPE = YES_ERROR;
				GCC_WARN_UNDECLARED_SELECTOR = YES;
				GCC_WARN_UNINITIALIZED_AUTOS = YES_AGGRESSIVE;
				GCC_WARN_UNUSED_FUNCTION = YES;
				GCC_WARN_UNUSED_VARIABLE = YES;
				IPHONEOS_DEPLOYMENT_TARGET = 8.0;
				MTL_ENABLE_DEBUG_INFO = NO;
				SDKROOT = iphoneos;
				VALIDATE_PRODUCT = YES;
			};
			name = Release;
		};
		82B0646919E042C5008DE70A /* Debug */ = {
			isa = XCBuildConfiguration;
			buildSettings = {
				ASSETCATALOG_COMPILER_APPICON_NAME = AppIcon;
				INFOPLIST_FILE = iOS8SwiftMApKitTutorial/Info.plist;
				LD_RUNPATH_SEARCH_PATHS = "$(inherited) @executable_path/Frameworks";
				PRODUCT_NAME = "$(TARGET_NAME)";
			};
			name = Debug;
		};
		82B0646A19E042C5008DE70A /* Release */ = {
			isa = XCBuildConfiguration;
			buildSettings = {
				ASSETCATALOG_COMPILER_APPICON_NAME = AppIcon;
				INFOPLIST_FILE = iOS8SwiftMApKitTutorial/Info.plist;
				LD_RUNPATH_SEARCH_PATHS = "$(inherited) @executable_path/Frameworks";
				PRODUCT_NAME = "$(TARGET_NAME)";
			};
			name = Release;
		};
		82B0646C19E042C5008DE70A /* Debug */ = {
			isa = XCBuildConfiguration;
			buildSettings = {
				BUNDLE_LOADER = "$(TEST_HOST)";
				FRAMEWORK_SEARCH_PATHS = (
					"$(SDKROOT)/Developer/Library/Frameworks",
					"$(inherited)",
				);
				GCC_PREPROCESSOR_DEFINITIONS = (
					"DEBUG=1",
					"$(inherited)",
				);
				INFOPLIST_FILE = iOS8SwiftMApKitTutorialTests/Info.plist;
				LD_RUNPATH_SEARCH_PATHS = "$(inherited) @executable_path/Frameworks @loader_path/Frameworks";
				PRODUCT_NAME = "$(TARGET_NAME)";
				TEST_HOST = "$(BUILT_PRODUCTS_DIR)/iOS8SwiftMApKitTutorial.app/iOS8SwiftMApKitTutorial";
			};
			name = Debug;
		};
		82B0646D19E042C5008DE70A /* Release */ = {
			isa = XCBuildConfiguration;
			buildSettings = {
				BUNDLE_LOADER = "$(TEST_HOST)";
				FRAMEWORK_SEARCH_PATHS = (
					"$(SDKROOT)/Developer/Library/Frameworks",
					"$(inherited)",
				);
				INFOPLIST_FILE = iOS8SwiftMApKitTutorialTests/Info.plist;
				LD_RUNPATH_SEARCH_PATHS = "$(inherited) @executable_path/Frameworks @loader_path/Frameworks";
				PRODUCT_NAME = "$(TARGET_NAME)";
				TEST_HOST = "$(BUILT_PRODUCTS_DIR)/iOS8SwiftMApKitTutorial.app/iOS8SwiftMApKitTutorial";
			};
			name = Release;
		};
/* End XCBuildConfiguration section */

/* Begin XCConfigurationList section */
		82B0644419E042C5008DE70A /* Build configuration list for PBXProject "iOS8SwiftMApKitTutorial" */ = {
			isa = XCConfigurationList;
			buildConfigurations = (
				82B0646619E042C5008DE70A /* Debug */,
				82B0646719E042C5008DE70A /* Release */,
			);
			defaultConfigurationIsVisible = 0;
			defaultConfigurationName = Release;
		};
		82B0646819E042C5008DE70A /* Build configuration list for PBXNativeTarget "iOS8SwiftMApKitTutorial" */ = {
			isa = XCConfigurationList;
			buildConfigurations = (
				82B0646919E042C5008DE70A /* Debug */,
				82B0646A19E042C5008DE70A /* Release */,
			);
			defaultConfigurationIsVisible = 0;
		};
		82B0646B19E042C5008DE70A /* Build configuration list for PBXNativeTarget "iOS8SwiftMApKitTutorialTests" */ = {
			isa = XCConfigurationList;
			buildConfigurations = (
				82B0646C19E042C5008DE70A /* Debug */,
				82B0646D19E042C5008DE70A /* Release */,
			);
			defaultConfigurationIsVisible = 0;
		};
/* End XCConfigurationList section */
	};
	rootObject = 82B0644119E042C5008DE70A /* Project object */;
}
